// !$*UTF8*$!
{
	archiveVersion = 1;
	classes = {
	};
	objectVersion = 77;
	objects = {

/* Begin PBXContainerItemProxy section */
		1201EB782E9AF0DB001E4C5D /* PBXContainerItemProxy */ = {
			isa = PBXContainerItemProxy;
			containerPortal = 1201EB5F2E9AF0D9001E4C5D /* Project object */;
			proxyType = 1;
			remoteGlobalIDString = 1201EB662E9AF0D9001E4C5D;
			remoteInfo = StudyTrack;
		};
		1201EB822E9AF0DB001E4C5D /* PBXContainerItemProxy */ = {
			isa = PBXContainerItemProxy;
			containerPortal = 1201EB5F2E9AF0D9001E4C5D /* Project object */;
			proxyType = 1;
			remoteGlobalIDString = 1201EB662E9AF0D9001E4C5D;
			remoteInfo = StudyTrack;
		};
/* End PBXContainerItemProxy section */

/* Begin PBXFileReference section */
		1201EB672E9AF0D9001E4C5D /* StudyTrack.app */ = {isa = PBXFileReference; explicitFileType = wrapper.application; includeInIndex = 0; path = StudyTrack.app; sourceTree = BUILT_PRODUCTS_DIR; };
		1201EB772E9AF0DB001E4C5D /* StudyTrackTests.xctest */ = {isa = PBXFileReference; explicitFileType = wrapper.cfbundle; includeInIndex = 0; path = StudyTrackTests.xctest; sourceTree = BUILT_PRODUCTS_DIR; };
		1201EB812E9AF0DB001E4C5D /* StudyTrackUITests.xctest */ = {isa = PBXFileReference; explicitFileType = wrapper.cfbundle; includeInIndex = 0; path = StudyTrackUITests.xctest; sourceTree = BUILT_PRODUCTS_DIR; };
/* End PBXFileReference section */

/* Begin PBXFileSystemSynchronizedRootGroup section */
		1201EB692E9AF0D9001E4C5D /* StudyTrack */ = {
			isa = PBXFileSystemSynchronizedRootGroup;
			path = StudyTrack;
			sourceTree = "<group>";
		};
		1201EB7A2E9AF0DB001E4C5D /* StudyTrackTests */ = {
			isa = PBXFileSystemSynchronizedRootGroup;
			path = StudyTrackTests;
			sourceTree = "<group>";
		};
		1201EB842E9AF0DB001E4C5D /* StudyTrackUITests */ = {
			isa = PBXFileSystemSynchronizedRootGroup;
			path = StudyTrackUITests;
			sourceTree = "<group>";
		};
/* End PBXFileSystemSynchronizedRootGroup section */

/* Begin PBXFrameworksBuildPhase section */
		1201EB642E9AF0D9001E4C5D /* Frameworks */ = {
			isa = PBXFrameworksBuildPhase;
			buildActionMask = 2147483647;
			files = (
			);
			runOnlyForDeploymentPostprocessing = 0;
		};
		1201EB742E9AF0DB001E4C5D /* Frameworks */ = {
			isa = PBXFrameworksBuildPhase;
			buildActionMask = 2147483647;
			files = (
			);
			runOnlyForDeploymentPostprocessing = 0;
		};
		1201EB7E2E9AF0DB001E4C5D /* Frameworks */ = {
			isa = PBXFrameworksBuildPhase;
			buildActionMask = 2147483647;
			files = (
			);
			runOnlyForDeploymentPostprocessing = 0;
		};
/* End PBXFrameworksBuildPhase section */

/* Begin PBXGroup section */
		1201EB5E2E9AF0D9001E4C5D = {
			isa = PBXGroup;
			children = (
				1201EB692E9AF0D9001E4C5D /* StudyTrack */,
				1201EB7A2E9AF0DB001E4C5D /* StudyTrackTests */,
				1201EB842E9AF0DB001E4C5D /* StudyTrackUITests */,
				1201EB682E9AF0D9001E4C5D /* Products */,
			);
			sourceTree = "<group>";
		};
		1201EB682E9AF0D9001E4C5D /* Products */ = {
			isa = PBXGroup;
			children = (
				1201EB672E9AF0D9001E4C5D /* StudyTrack.app */,
				1201EB772E9AF0DB001E4C5D /* StudyTrackTests.xctest */,
				1201EB812E9AF0DB001E4C5D /* StudyTrackUITests.xctest */,
			);
			name = Products;
			sourceTree = "<group>";
		};
/* End PBXGroup section */

/* Begin PBXNativeTarget section */
		1201EB662E9AF0D9001E4C5D /* StudyTrack */ = {
			isa = PBXNativeTarget;
			buildConfigurationList = 1201EB8B2E9AF0DB001E4C5D /* Build configuration list for PBXNativeTarget "StudyTrack" */;
			buildPhases = (
				1201EB632E9AF0D9001E4C5D /* Sources */,
				1201EB642E9AF0D9001E4C5D /* Frameworks */,
				1201EB652E9AF0D9001E4C5D /* Resources */,
			);
			buildRules = (
			);
			dependencies = (
			);
			fileSystemSynchronizedGroups = (
				1201EB692E9AF0D9001E4C5D /* StudyTrack */,
			);
			name = StudyTrack;
			packageProductDependencies = (
			);
			productName = StudyTrack;
			productReference = 1201EB672E9AF0D9001E4C5D /* StudyTrack.app */;
			productType = "com.apple.product-type.application";
		};
		1201EB762E9AF0DB001E4C5D /* StudyTrackTests */ = {
			isa = PBXNativeTarget;
			buildConfigurationList = 1201EB8E2E9AF0DB001E4C5D /* Build configuration list for PBXNativeTarget "StudyTrackTests" */;
			buildPhases = (
				1201EB732E9AF0DB001E4C5D /* Sources */,
				1201EB742E9AF0DB001E4C5D /* Frameworks */,
				1201EB752E9AF0DB001E4C5D /* Resources */,
			);
			buildRules = (
			);
			dependencies = (
				1201EB792E9AF0DB001E4C5D /* PBXTargetDependency */,
			);
			fileSystemSynchronizedGroups = (
				1201EB7A2E9AF0DB001E4C5D /* StudyTrackTests */,
			);
			name = StudyTrackTests;
			packageProductDependencies = (
			);
			productName = StudyTrackTests;
			productReference = 1201EB772E9AF0DB001E4C5D /* StudyTrackTests.xctest */;
			productType = "com.apple.product-type.bundle.unit-test";
		};
		1201EB802E9AF0DB001E4C5D /* StudyTrackUITests */ = {
			isa = PBXNativeTarget;
			buildConfigurationList = 1201EB912E9AF0DB001E4C5D /* Build configuration list for PBXNativeTarget "StudyTrackUITests" */;
			buildPhases = (
				1201EB7D2E9AF0DB001E4C5D /* Sources */,
				1201EB7E2E9AF0DB001E4C5D /* Frameworks */,
				1201EB7F2E9AF0DB001E4C5D /* Resources */,
			);
			buildRules = (
			);
			dependencies = (
				1201EB832E9AF0DB001E4C5D /* PBXTargetDependency */,
			);
			fileSystemSynchronizedGroups = (
				1201EB842E9AF0DB001E4C5D /* StudyTrackUITests */,
			);
			name = StudyTrackUITests;
			packageProductDependencies = (
			);
			productName = StudyTrackUITests;
			productReference = 1201EB812E9AF0DB001E4C5D /* StudyTrackUITests.xctest */;
			productType = "com.apple.product-type.bundle.ui-testing";
		};
/* End PBXNativeTarget section */

/* Begin PBXProject section */
		1201EB5F2E9AF0D9001E4C5D /* Project object */ = {
			isa = PBXProject;
			attributes = {
				BuildIndependentTargetsInParallel = 1;
				LastSwiftUpdateCheck = 1600;
				LastUpgradeCheck = 1600;
				TargetAttributes = {
					1201EB662E9AF0D9001E4C5D = {
						CreatedOnToolsVersion = 16.0;
					};
					1201EB762E9AF0DB001E4C5D = {
						CreatedOnToolsVersion = 16.0;
						TestTargetID = 1201EB662E9AF0D9001E4C5D;
					};
					1201EB802E9AF0DB001E4C5D = {
						CreatedOnToolsVersion = 16.0;
						TestTargetID = 1201EB662E9AF0D9001E4C5D;
					};
				};
			};
			buildConfigurationList = 1201EB622E9AF0D9001E4C5D /* Build configuration list for PBXProject "StudyTrack" */;
			developmentRegion = en;
			hasScannedForEncodings = 0;
			knownRegions = (
				en,
				Base,
			);
			mainGroup = 1201EB5E2E9AF0D9001E4C5D;
			minimizedProjectReferenceProxies = 1;
			preferredProjectObjectVersion = 77;
			productRefGroup = 1201EB682E9AF0D9001E4C5D /* Products */;
			projectDirPath = "";
			projectRoot = "";
			targets = (
				1201EB662E9AF0D9001E4C5D /* StudyTrack */,
				1201EB762E9AF0DB001E4C5D /* StudyTrackTests */,
				1201EB802E9AF0DB001E4C5D /* StudyTrackUITests */,
			);
		};
/* End PBXProject section */

/* Begin PBXResourcesBuildPhase section */
		1201EB652E9AF0D9001E4C5D /* Resources */ = {
			isa = PBXResourcesBuildPhase;
			buildActionMask = 2147483647;
			files = (
			);
			runOnlyForDeploymentPostprocessing = 0;
		};
		1201EB752E9AF0DB001E4C5D /* Resources */ = {
			isa = PBXResourcesBuildPhase;
			buildActionMask = 2147483647;
			files = (
			);
			runOnlyForDeploymentPostprocessing = 0;
		};
		1201EB7F2E9AF0DB001E4C5D /* Resources */ = {
			isa = PBXResourcesBuildPhase;
			buildActionMask = 2147483647;
			files = (
			);
			runOnlyForDeploymentPostprocessing = 0;
		};
/* End PBXResourcesBuildPhase section */

/* Begin PBXSourcesBuildPhase section */
		1201EB632E9AF0D9001E4C5D /* Sources */ = {
			isa = PBXSourcesBuildPhase;
			buildActionMask = 2147483647;
			files = (
			);
			runOnlyForDeploymentPostprocessing = 0;
		};
		1201EB732E9AF0DB001E4C5D /* Sources */ = {
			isa = PBXSourcesBuildPhase;
			buildActionMask = 2147483647;
			files = (
			);
			runOnlyForDeploymentPostprocessing = 0;
		};
		1201EB7D2E9AF0DB001E4C5D /* Sources */ = {
			isa = PBXSourcesBuildPhase;
			buildActionMask = 2147483647;
			files = (
			);
			runOnlyForDeploymentPostprocessing = 0;
		};
/* End PBXSourcesBuildPhase section */

/* Begin PBXTargetDependency section */
		1201EB792E9AF0DB001E4C5D /* PBXTargetDependency */ = {
			isa = PBXTargetDependency;
			target = 1201EB662E9AF0D9001E4C5D /* StudyTrack */;
			targetProxy = 1201EB782E9AF0DB001E4C5D /* PBXContainerItemProxy */;
		};
		1201EB832E9AF0DB001E4C5D /* PBXTargetDependency */ = {
			isa = PBXTargetDependency;
			target = 1201EB662E9AF0D9001E4C5D /* StudyTrack */;
			targetProxy = 1201EB822E9AF0DB001E4C5D /* PBXContainerItemProxy */;
		};
/* End PBXTargetDependency section */

/* Begin XCBuildConfiguration section */
		1201EB892E9AF0DB001E4C5D /* Debug */ = {
			isa = XCBuildConfiguration;
			buildSettings = {
				ALWAYS_SEARCH_USER_PATHS = NO;
				ASSETCATALOG_COMPILER_GENERATE_SWIFT_ASSET_SYMBOL_EXTENSIONS = YES;
				CLANG_ANALYZER_NONNULL = YES;
				CLANG_ANALYZER_NUMBER_OBJECT_CONVERSION = YES_AGGRESSIVE;
				CLANG_CXX_LANGUAGE_STANDARD = "gnu++20";
				CLANG_ENABLE_MODULES = YES;
				CLANG_ENABLE_OBJC_ARC = YES;
				CLANG_ENABLE_OBJC_WEAK = YES;
				CLANG_WARN_BLOCK_CAPTURE_AUTORELEASING = YES;
				CLANG_WARN_BOOL_CONVERSION = YES;
				CLANG_WARN_COMMA = YES;
				CLANG_WARN_CONSTANT_CONVERSION = YES;
				CLANG_WARN_DEPRECATED_OBJC_IMPLEMENTATIONS = YES;
				CLANG_WARN_DIRECT_OBJC_ISA_USAGE = YES_ERROR;
				CLANG_WARN_DOCUMENTATION_COMMENTS = YES;
				CLANG_WARN_EMPTY_BODY = YES;
				CLANG_WARN_ENUM_CONVERSION = YES;
				CLANG_WARN_INFINITE_RECURSION = YES;
				CLANG_WARN_INT_CONVERSION = YES;
				CLANG_WARN_NON_LITERAL_NULL_CONVERSION = YES;
				CLANG_WARN_OBJC_IMPLICIT_RETAIN_SELF = YES;
				CLANG_WARN_OBJC_LITERAL_CONVERSION = YES;
				CLANG_WARN_OBJC_ROOT_CLASS = YES_ERROR;
				CLANG_WARN_QUOTED_INCLUDE_IN_FRAMEWORK_HEADER = YES;
				CLANG_WARN_RANGE_LOOP_ANALYSIS = YES;
				CLANG_WARN_STRICT_PROTOTYPES = YES;
				CLANG_WARN_SUSPICIOUS_MOVE = YES;
				CLANG_WARN_UNGUARDED_AVAILABILITY = YES_AGGRESSIVE;
				CLANG_WARN_UNREACHABLE_CODE = YES;
				CLANG_WARN__DUPLICATE_METHOD_MATCH = YES;
				COPY_PHASE_STRIP = NO;
				DEBUG_INFORMATION_FORMAT = dwarf;
				ENABLE_STRICT_OBJC_MSGSEND = YES;
				ENABLE_TESTABILITY = YES;
				ENABLE_USER_SCRIPT_SANDBOXING = YES;
				GCC_C_LANGUAGE_STANDARD = gnu17;
				GCC_DYNAMIC_NO_PIC = NO;
				GCC_NO_COMMON_BLOCKS = YES;
				GCC_OPTIMIZATION_LEVEL = 0;
				GCC_PREPROCESSOR_DEFINITIONS = (
					"DEBUG=1",
					"$(inherited)",
				);
				GCC_WARN_64_TO_32_BIT_CONVERSION = YES;
				GCC_WARN_ABOUT_RETURN_TYPE = YES_ERROR;
				GCC_WARN_UNDECLARED_SELECTOR = YES;
				GCC_WARN_UNINITIALIZED_AUTOS = YES_AGGRESSIVE;
				GCC_WARN_UNUSED_FUNCTION = YES;
				GCC_WARN_UNUSED_VARIABLE = YES;
				IPHONEOS_DEPLOYMENT_TARGET = 18.0;
				LOCALIZATION_PREFERS_STRING_CATALOGS = YES;
				MTL_ENABLE_DEBUG_INFO = INCLUDE_SOURCE;
				MTL_FAST_MATH = YES;
				ONLY_ACTIVE_ARCH = YES;
				SDKROOT = iphoneos;
				SWIFT_ACTIVE_COMPILATION_CONDITIONS = "DEBUG $(inherited)";
				SWIFT_OPTIMIZATION_LEVEL = "-Onone";
			};
			name = Debug;
		};
		1201EB8A2E9AF0DB001E4C5D /* Release */ = {
			isa = XCBuildConfiguration;
			buildSettings = {
				ALWAYS_SEARCH_USER_PATHS = NO;
				ASSETCATALOG_COMPILER_GENERATE_SWIFT_ASSET_SYMBOL_EXTENSIONS = YES;
				CLANG_ANALYZER_NONNULL = YES;
				CLANG_ANALYZER_NUMBER_OBJECT_CONVERSION = YES_AGGRESSIVE;
				CLANG_CXX_LANGUAGE_STANDARD = "gnu++20";
				CLANG_ENABLE_MODULES = YES;
				CLANG_ENABLE_OBJC_ARC = YES;
				CLANG_ENABLE_OBJC_WEAK = YES;
				CLANG_WARN_BLOCK_CAPTURE_AUTORELEASING = YES;
				CLANG_WARN_BOOL_CONVERSION = YES;
				CLANG_WARN_COMMA = YES;
				CLANG_WARN_CONSTANT_CONVERSION = YES;
				CLANG_WARN_DEPRECATED_OBJC_IMPLEMENTATIONS = YES;
				CLANG_WARN_DIRECT_OBJC_ISA_USAGE = YES_ERROR;
				CLANG_WARN_DOCUMENTATION_COMMENTS = YES;
				CLANG_WARN_EMPTY_BODY = YES;
				CLANG_WARN_ENUM_CONVERSION = YES;
				CLANG_WARN_INFINITE_RECURSION = YES;
				CLANG_WARN_INT_CONVERSION = YES;
				CLANG_WARN_NON_LITERAL_NULL_CONVERSION = YES;
				CLANG_WARN_OBJC_IMPLICIT_RETAIN_SELF = YES;
				CLANG_WARN_OBJC_LITERAL_CONVERSION = YES;
				CLANG_WARN_OBJC_ROOT_CLASS = YES_ERROR;
				CLANG_WARN_QUOTED_INCLUDE_IN_FRAMEWORK_HEADER = YES;
				CLANG_WARN_RANGE_LOOP_ANALYSIS = YES;
				CLANG_WARN_STRICT_PROTOTYPES = YES;
				CLANG_WARN_SUSPICIOUS_MOVE = YES;
				CLANG_WARN_UNGUARDED_AVAILABILITY = YES_AGGRESSIVE;
				CLANG_WARN_UNREACHABLE_CODE = YES;
				CLANG_WARN__DUPLICATE_METHOD_MATCH = YES;
				COPY_PHASE_STRIP = NO;
				DEBUG_INFORMATION_FORMAT = "dwarf-with-dsym";
				ENABLE_NS_ASSERTIONS = NO;
				ENABLE_STRICT_OBJC_MSGSEND = YES;
				ENABLE_USER_SCRIPT_SANDBOXING = YES;
				GCC_C_LANGUAGE_STANDARD = gnu17;
				GCC_NO_COMMON_BLOCKS = YES;
				GCC_WARN_64_TO_32_BIT_CONVERSION = YES;
				GCC_WARN_ABOUT_RETURN_TYPE = YES_ERROR;
				GCC_WARN_UNDECLARED_SELECTOR = YES;
				GCC_WARN_UNINITIALIZED_AUTOS = YES_AGGRESSIVE;
				GCC_WARN_UNUSED_FUNCTION = YES;
				GCC_WARN_UNUSED_VARIABLE = YES;
				IPHONEOS_DEPLOYMENT_TARGET = 18.0;
				LOCALIZATION_PREFERS_STRING_CATALOGS = YES;
				MTL_ENABLE_DEBUG_INFO = NO;
				MTL_FAST_MATH = YES;
				SDKROOT = iphoneos;
				SWIFT_COMPILATION_MODE = wholemodule;
				VALIDATE_PRODUCT = YES;
			};
			name = Release;
		};
		1201EB8C2E9AF0DB001E4C5D /* Debug */ = {
			isa = XCBuildConfiguration;
			buildSettings = {
				ASSETCATALOG_COMPILER_APPICON_NAME = AppIcon;
				ASSETCATALOG_COMPILER_GLOBAL_ACCENT_COLOR_NAME = AccentColor;
				CODE_SIGN_STYLE = Automatic;
				CURRENT_PROJECT_VERSION = 1;
				DEVELOPMENT_ASSET_PATHS = "\"StudyTrack/Preview Content\"";
				DEVELOPMENT_TEAM = DH7CN2MW64;
				ENABLE_PREVIEWS = YES;
				GENERATE_INFOPLIST_FILE = YES;
				INFOPLIST_KEY_UIApplicationSceneManifest_Generation = YES;
				INFOPLIST_KEY_UIApplicationSupportsIndirectInputEvents = YES;
				INFOPLIST_KEY_UILaunchScreen_Generation = YES;
				INFOPLIST_KEY_UISupportedInterfaceOrientations_iPad = "UIInterfaceOrientationPortrait UIInterfaceOrientationPortraitUpsideDown UIInterfaceOrientationLandscapeLeft UIInterfaceOrientationLandscapeRight";
				INFOPLIST_KEY_UISupportedInterfaceOrientations_iPhone = "UIInterfaceOrientationPortrait UIInterfaceOrientationLandscapeLeft UIInterfaceOrientationLandscapeRight";
				LD_RUNPATH_SEARCH_PATHS = (
					"$(inherited)",
					"@executable_path/Frameworks",
				);
				MARKETING_VERSION = 1.0;
				PRODUCT_BUNDLE_IDENTIFIER = hugogomes.StudyTrack;
				PRODUCT_NAME = "$(TARGET_NAME)";
				SWIFT_EMIT_LOC_STRINGS = YES;
				SWIFT_VERSION = 5.0;
				TARGETED_DEVICE_FAMILY = "1,2";
			};
			name = Debug;
		};
		1201EB8D2E9AF0DB001E4C5D /* Release */ = {
			isa = XCBuildConfiguration;
			buildSettings = {
				ASSETCATALOG_COMPILER_APPICON_NAME = AppIcon;
				ASSETCATALOG_COMPILER_GLOBAL_ACCENT_COLOR_NAME = AccentColor;
				CODE_SIGN_STYLE = Automatic;
				CURRENT_PROJECT_VERSION = 1;
				DEVELOPMENT_ASSET_PATHS = "\"StudyTrack/Preview Content\"";
				DEVELOPMENT_TEAM = DH7CN2MW64;
				ENABLE_PREVIEWS = YES;
				GENERATE_INFOPLIST_FILE = YES;
				INFOPLIST_KEY_UIApplicationSceneManifest_Generation = YES;
				INFOPLIST_KEY_UIApplicationSupportsIndirectInputEvents = YES;
				INFOPLIST_KEY_UILaunchScreen_Generation = YES;
				INFOPLIST_KEY_UISupportedInterfaceOrientations_iPad = "UIInterfaceOrientationPortrait UIInterfaceOrientationPortraitUpsideDown UIInterfaceOrientationLandscapeLeft UIInterfaceOrientationLandscapeRight";
				INFOPLIST_KEY_UISupportedInterfaceOrientations_iPhone = "UIInterfaceOrientationPortrait UIInterfaceOrientationLandscapeLeft UIInterfaceOrientationLandscapeRight";
				LD_RUNPATH_SEARCH_PATHS = (
					"$(inherited)",
					"@executable_path/Frameworks",
				);
				MARKETING_VERSION = 1.0;
				PRODUCT_BUNDLE_IDENTIFIER = hugogomes.StudyTrack;
				PRODUCT_NAME = "$(TARGET_NAME)";
				SWIFT_EMIT_LOC_STRINGS = YES;
				SWIFT_VERSION = 5.0;
				TARGETED_DEVICE_FAMILY = "1,2";
			};
			name = Release;
		};
		1201EB8F2E9AF0DB001E4C5D /* Debug */ = {
			isa = XCBuildConfiguration;
			buildSettings = {
				BUNDLE_LOADER = "$(TEST_HOST)";
				CODE_SIGN_STYLE = Automatic;
				CURRENT_PROJECT_VERSION = 1;
				DEVELOPMENT_TEAM = DH7CN2MW64;
				GENERATE_INFOPLIST_FILE = YES;
				IPHONEOS_DEPLOYMENT_TARGET = 18.0;
				MARKETING_VERSION = 1.0;
				PRODUCT_BUNDLE_IDENTIFIER = hugogomes.StudyTrackTests;
				PRODUCT_NAME = "$(TARGET_NAME)";
				SWIFT_EMIT_LOC_STRINGS = NO;
				SWIFT_VERSION = 5.0;
				TARGETED_DEVICE_FAMILY = "1,2";
				TEST_HOST = "$(BUILT_PRODUCTS_DIR)/StudyTrack.app/$(BUNDLE_EXECUTABLE_FOLDER_PATH)/StudyTrack";
			};
			name = Debug;
		};
		1201EB902E9AF0DB001E4C5D /* Release */ = {
			isa = XCBuildConfiguration;
			buildSettings = {
				BUNDLE_LOADER = "$(TEST_HOST)";
				CODE_SIGN_STYLE = Automatic;
				CURRENT_PROJECT_VERSION = 1;
				DEVELOPMENT_TEAM = DH7CN2MW64;
				GENERATE_INFOPLIST_FILE = YES;
				IPHONEOS_DEPLOYMENT_TARGET = 18.0;
				MARKETING_VERSION = 1.0;
				PRODUCT_BUNDLE_IDENTIFIER = hugogomes.StudyTrackTests;
				PRODUCT_NAME = "$(TARGET_NAME)";
				SWIFT_EMIT_LOC_STRINGS = NO;
				SWIFT_VERSION = 5.0;
				TARGETED_DEVICE_FAMILY = "1,2";
				TEST_HOST = "$(BUILT_PRODUCTS_DIR)/StudyTrack.app/$(BUNDLE_EXECUTABLE_FOLDER_PATH)/StudyTrack";
			};
			name = Release;
		};
		1201EB922E9AF0DB001E4C5D /* Debug */ = {
			isa = XCBuildConfiguration;
			buildSettings = {
				CODE_SIGN_STYLE = Automatic;
				CURRENT_PROJECT_VERSION = 1;
				DEVELOPMENT_TEAM = DH7CN2MW64;
				GENERATE_INFOPLIST_FILE = YES;
				MARKETING_VERSION = 1.0;
				PRODUCT_BUNDLE_IDENTIFIER = hugogomes.StudyTrackUITests;
				PRODUCT_NAME = "$(TARGET_NAME)";
				SWIFT_EMIT_LOC_STRINGS = NO;
				SWIFT_VERSION = 5.0;
				TARGETED_DEVICE_FAMILY = "1,2";
				TEST_TARGET_NAME = StudyTrack;
			};
			name = Debug;
		};
		1201EB932E9AF0DB001E4C5D /* Release */ = {
			isa = XCBuildConfiguration;
			buildSettings = {
				CODE_SIGN_STYLE = Automatic;
				CURRENT_PROJECT_VERSION = 1;
				DEVELOPMENT_TEAM = DH7CN2MW64;
				GENERATE_INFOPLIST_FILE = YES;
				MARKETING_VERSION = 1.0;
				PRODUCT_BUNDLE_IDENTIFIER = hugogomes.StudyTrackUITests;
				PRODUCT_NAME = "$(TARGET_NAME)";
				SWIFT_EMIT_LOC_STRINGS = NO;
				SWIFT_VERSION = 5.0;
				TARGETED_DEVICE_FAMILY = "1,2";
				TEST_TARGET_NAME = StudyTrack;
			};
			name = Release;
		};
/* End XCBuildConfiguration section */

/* Begin XCConfigurationList section */
		1201EB622E9AF0D9001E4C5D /* Build configuration list for PBXProject "StudyTrack" */ = {
			isa = XCConfigurationList;
			buildConfigurations = (
				1201EB892E9AF0DB001E4C5D /* Debug */,
				1201EB8A2E9AF0DB001E4C5D /* Release */,
			);
			defaultConfigurationIsVisible = 0;
			defaultConfigurationName = Release;
		};
		1201EB8B2E9AF0DB001E4C5D /* Build configuration list for PBXNativeTarget "StudyTrack" */ = {
			isa = XCConfigurationList;
			buildConfigurations = (
				1201EB8C2E9AF0DB001E4C5D /* Debug */,
				1201EB8D2E9AF0DB001E4C5D /* Release */,
			);
			defaultConfigurationIsVisible = 0;
			defaultConfigurationName = Release;
		};
		1201EB8E2E9AF0DB001E4C5D /* Build configuration list for PBXNativeTarget "StudyTrackTests" */ = {
			isa = XCConfigurationList;
			buildConfigurations = (
				1201EB8F2E9AF0DB001E4C5D /* Debug */,
				1201EB902E9AF0DB001E4C5D /* Release */,
			);
			defaultConfigurationIsVisible = 0;
			defaultConfigurationName = Release;
		};
		1201EB912E9AF0DB001E4C5D /* Build configuration list for PBXNativeTarget "StudyTrackUITests" */ = {
			isa = XCConfigurationList;
			buildConfigurations = (
				1201EB922E9AF0DB001E4C5D /* Debug */,
				1201EB932E9AF0DB001E4C5D /* Release */,
			);
			defaultConfigurationIsVisible = 0;
			defaultConfigurationName = Release;
		};
/* End XCConfigurationList section */
	};
	rootObject = 1201EB5F2E9AF0D9001E4C5D /* Project object */;
}
